{
  "name": "ahorn-friendly-captcha-neos",
  "version": "1.0.0",
  "lockfileVersion": 2,
  "requires": true,
  "packages": {
    "": {
      "name": "ahorn-friendly-captcha-neos",
      "version": "1.0.0",
      "license": "MIT",
      "dependencies": {
        "@friendlycaptcha/sdk": "0.1.32"
      }
    },
    "node_modules/@friendlycaptcha/sdk": {
      "version": "0.1.32",
      "resolved": "https://registry.npmjs.org/@friendlycaptcha/sdk/-/sdk-0.1.32.tgz",
      "integrity": "sha512-4/L0wbpYGOSzyFIa9hAIz2QeJ5WsZVFYwTHiPTU69/EkA5ASAwVPdeBHM3noKx9gHlneX1wRl2gx0Wzau/vZHQ=="
    }
  },
  "dependencies": {
    "@friendlycaptcha/sdk": {
      "version": "0.1.32",
      "resolved": "https://registry.npmjs.org/@friendlycaptcha/sdk/-/sdk-0.1.32.tgz",
      "integrity": "sha512-4/L0wbpYGOSzyFIa9hAIz2QeJ5WsZVFYwTHiPTU69/EkA5ASAwVPdeBHM3noKx9gHlneX1wRl2gx0Wzau/vZHQ=="
    }
  }
}
